// !$*UTF8*$!
{
	archiveVersion = 1;
	classes = {
	};
	objectVersion = 46;
	objects = {

/* Begin PBXBuildFile section */
		F15250B81E7A8B1500CF0440 /* DemoClip.swift in Sources */ = {isa = PBXBuildFile; fileRef = F15250B71E7A8B1500CF0440 /* DemoClip.swift */; };
		F15250BA1E7A8B2F00CF0440 /* DemoTrack.swift in Sources */ = {isa = PBXBuildFile; fileRef = F15250B91E7A8B2F00CF0440 /* DemoTrack.swift */; };
		F15250BC1E7A8B5400CF0440 /* DemoTimeLineManager.swift in Sources */ = {isa = PBXBuildFile; fileRef = F15250BB1E7A8B5400CF0440 /* DemoTimeLineManager.swift */; };
		F1AA70CE1E78D2700005185A /* FSTimelineViewController.xib in Resources */ = {isa = PBXBuildFile; fileRef = F1AA70CD1E78D2700005185A /* FSTimelineViewController.xib */; };
		F1AA70D71E78ED650005185A /* FSScroller.swift in Sources */ = {isa = PBXBuildFile; fileRef = F1AA70D61E78ED650005185A /* FSScroller.swift */; };
		F1AA70D91E78EF700005185A /* SynchroScrollView.swift in Sources */ = {isa = PBXBuildFile; fileRef = F1AA70D81E78EF700005185A /* SynchroScrollView.swift */; };
		F1AD2FDC1E77904A00AE6F72 /* FSTimelineHeaderView.swift in Sources */ = {isa = PBXBuildFile; fileRef = F1AD2FDB1E77904A00AE6F72 /* FSTimelineHeaderView.swift */; };
		F1AD2FDE1E77928F00AE6F72 /* FSTrackHeaderView.swift in Sources */ = {isa = PBXBuildFile; fileRef = F1AD2FDD1E77928F00AE6F72 /* FSTrackHeaderView.swift */; };
		F1AD2FE01E7798AA00AE6F72 /* FSTrackSplitterView.swift in Sources */ = {isa = PBXBuildFile; fileRef = F1AD2FDF1E7798AA00AE6F72 /* FSTrackSplitterView.swift */; };
		F1AD2FE21E77BDB000AE6F72 /* FSPlayheadTrackView.swift in Sources */ = {isa = PBXBuildFile; fileRef = F1AD2FE11E77BDB000AE6F72 /* FSPlayheadTrackView.swift */; };
		F1AD2FE61E77E65D00AE6F72 /* FSTimelineNotification.swift in Sources */ = {isa = PBXBuildFile; fileRef = F1AD2FE51E77E65D00AE6F72 /* FSTimelineNotification.swift */; };
		F1AD2FE81E7810EE00AE6F72 /* FSTimelineViewController.swift in Sources */ = {isa = PBXBuildFile; fileRef = F1AD2FE71E7810EE00AE6F72 /* FSTimelineViewController.swift */; };
		F1AE3C951E5FD08B00D75C21 /* FSClipView.swift in Sources */ = {isa = PBXBuildFile; fileRef = F1AE3C941E5FD08B00D75C21 /* FSClipView.swift */; };
		F1BCCFAD1E5EE86200C04DF0 /* AppDelegate.swift in Sources */ = {isa = PBXBuildFile; fileRef = F1BCCFAC1E5EE86200C04DF0 /* AppDelegate.swift */; };
		F1BCCFAF1E5EE86200C04DF0 /* Assets.xcassets in Resources */ = {isa = PBXBuildFile; fileRef = F1BCCFAE1E5EE86200C04DF0 /* Assets.xcassets */; };
		F1BCCFB21E5EE86200C04DF0 /* MainMenu.xib in Resources */ = {isa = PBXBuildFile; fileRef = F1BCCFB01E5EE86200C04DF0 /* MainMenu.xib */; };
		F1BCCFC01E5EE9A400C04DF0 /* FSTimelineView.swift in Sources */ = {isa = PBXBuildFile; fileRef = F1BCCFBE1E5EE9A400C04DF0 /* FSTimelineView.swift */; };
		F1BCCFC11E5EE9A400C04DF0 /* FSTrackView.swift in Sources */ = {isa = PBXBuildFile; fileRef = F1BCCFBF1E5EE9A400C04DF0 /* FSTrackView.swift */; };
		F1D9E3701E7BC9E800E63F98 /* FSTimelineBaseView.swift in Sources */ = {isa = PBXBuildFile; fileRef = F1D9E36F1E7BC9E800E63F98 /* FSTimelineBaseView.swift */; };
/* End PBXBuildFile section */

/* Begin PBXFileReference section */
		F15250B71E7A8B1500CF0440 /* DemoClip.swift */ = {isa = PBXFileReference; fileEncoding = 4; lastKnownFileType = sourcecode.swift; name = DemoClip.swift; path = DemoModel/DemoClip.swift; sourceTree = "<group>"; };
		F15250B91E7A8B2F00CF0440 /* DemoTrack.swift */ = {isa = PBXFileReference; fileEncoding = 4; lastKnownFileType = sourcecode.swift; name = DemoTrack.swift; path = DemoModel/DemoTrack.swift; sourceTree = "<group>"; };
		F15250BB1E7A8B5400CF0440 /* DemoTimeLineManager.swift */ = {isa = PBXFileReference; fileEncoding = 4; lastKnownFileType = sourcecode.swift; name = DemoTimeLineManager.swift; path = DemoModel/DemoTimeLineManager.swift; sourceTree = "<group>"; };
		F1AA70CD1E78D2700005185A /* FSTimelineViewController.xib */ = {isa = PBXFileReference; fileEncoding = 4; lastKnownFileType = file.xib; path = FSTimelineViewController.xib; sourceTree = "<group>"; };
		F1AA70D61E78ED650005185A /* FSScroller.swift */ = {isa = PBXFileReference; fileEncoding = 4; lastKnownFileType = sourcecode.swift; path = FSScroller.swift; sourceTree = "<group>"; };
		F1AA70D81E78EF700005185A /* SynchroScrollView.swift */ = {isa = PBXFileReference; fileEncoding = 4; lastKnownFileType = sourcecode.swift; path = SynchroScrollView.swift; sourceTree = "<group>"; };
		F1AD2FDB1E77904A00AE6F72 /* FSTimelineHeaderView.swift */ = {isa = PBXFileReference; fileEncoding = 4; lastKnownFileType = sourcecode.swift; path = FSTimelineHeaderView.swift; sourceTree = "<group>"; };
		F1AD2FDD1E77928F00AE6F72 /* FSTrackHeaderView.swift */ = {isa = PBXFileReference; fileEncoding = 4; lastKnownFileType = sourcecode.swift; path = FSTrackHeaderView.swift; sourceTree = "<group>"; };
		F1AD2FDF1E7798AA00AE6F72 /* FSTrackSplitterView.swift */ = {isa = PBXFileReference; fileEncoding = 4; lastKnownFileType = sourcecode.swift; path = FSTrackSplitterView.swift; sourceTree = "<group>"; };
		F1AD2FE11E77BDB000AE6F72 /* FSPlayheadTrackView.swift */ = {isa = PBXFileReference; fileEncoding = 4; lastKnownFileType = sourcecode.swift; path = FSPlayheadTrackView.swift; sourceTree = "<group>"; };
		F1AD2FE51E77E65D00AE6F72 /* FSTimelineNotification.swift */ = {isa = PBXFileReference; fileEncoding = 4; lastKnownFileType = sourcecode.swift; path = FSTimelineNotification.swift; sourceTree = "<group>"; };
		F1AD2FE71E7810EE00AE6F72 /* FSTimelineViewController.swift */ = {isa = PBXFileReference; fileEncoding = 4; lastKnownFileType = sourcecode.swift; path = FSTimelineViewController.swift; sourceTree = "<group>"; };
		F1AE3C941E5FD08B00D75C21 /* FSClipView.swift */ = {isa = PBXFileReference; fileEncoding = 4; lastKnownFileType = sourcecode.swift; path = FSClipView.swift; sourceTree = "<group>"; };
		F1BCCFA91E5EE86200C04DF0 /* testTimelineView.app */ = {isa = PBXFileReference; explicitFileType = wrapper.application; includeInIndex = 0; path = testTimelineView.app; sourceTree = BUILT_PRODUCTS_DIR; };
		F1BCCFAC1E5EE86200C04DF0 /* AppDelegate.swift */ = {isa = PBXFileReference; lastKnownFileType = sourcecode.swift; path = AppDelegate.swift; sourceTree = "<group>"; };
		F1BCCFAE1E5EE86200C04DF0 /* Assets.xcassets */ = {isa = PBXFileReference; lastKnownFileType = folder.assetcatalog; path = Assets.xcassets; sourceTree = "<group>"; };
		F1BCCFB11E5EE86200C04DF0 /* Base */ = {isa = PBXFileReference; lastKnownFileType = file.xib; name = Base; path = Base.lproj/MainMenu.xib; sourceTree = "<group>"; };
		F1BCCFB31E5EE86200C04DF0 /* Info.plist */ = {isa = PBXFileReference; lastKnownFileType = text.plist.xml; path = Info.plist; sourceTree = "<group>"; };
		F1BCCFBE1E5EE9A400C04DF0 /* FSTimelineView.swift */ = {isa = PBXFileReference; fileEncoding = 4; lastKnownFileType = sourcecode.swift; path = FSTimelineView.swift; sourceTree = "<group>"; };
		F1BCCFBF1E5EE9A400C04DF0 /* FSTrackView.swift */ = {isa = PBXFileReference; fileEncoding = 4; lastKnownFileType = sourcecode.swift; path = FSTrackView.swift; sourceTree = "<group>"; };
		F1D9E36F1E7BC9E800E63F98 /* FSTimelineBaseView.swift */ = {isa = PBXFileReference; fileEncoding = 4; lastKnownFileType = sourcecode.swift; path = FSTimelineBaseView.swift; sourceTree = "<group>"; };
/* End PBXFileReference section */

/* Begin PBXFrameworksBuildPhase section */
		F1BCCFA61E5EE86200C04DF0 /* Frameworks */ = {
			isa = PBXFrameworksBuildPhase;
			buildActionMask = 2147483647;
			files = (
			);
			runOnlyForDeploymentPostprocessing = 0;
		};
/* End PBXFrameworksBuildPhase section */

/* Begin PBXGroup section */
		F1AA70DA1E79149F0005185A /* DemoModel */ = {
			isa = PBXGroup;
			children = (
				F15250B71E7A8B1500CF0440 /* DemoClip.swift */,
				F15250B91E7A8B2F00CF0440 /* DemoTrack.swift */,
				F15250BB1E7A8B5400CF0440 /* DemoTimeLineManager.swift */,
			);
			name = DemoModel;
			sourceTree = "<group>";
		};
		F1BCCFA01E5EE86200C04DF0 = {
			isa = PBXGroup;
			children = (
				F1BCCFAB1E5EE86200C04DF0 /* testTimelineView */,
				F1BCCFAA1E5EE86200C04DF0 /* Products */,
			);
			sourceTree = "<group>";
		};
		F1BCCFAA1E5EE86200C04DF0 /* Products */ = {
			isa = PBXGroup;
			children = (
				F1BCCFA91E5EE86200C04DF0 /* testTimelineView.app */,
			);
			name = Products;
			sourceTree = "<group>";
		};
		F1BCCFAB1E5EE86200C04DF0 /* testTimelineView */ = {
			isa = PBXGroup;
			children = (
				F1AD2FE71E7810EE00AE6F72 /* FSTimelineViewController.swift */,
				F1AA70CD1E78D2700005185A /* FSTimelineViewController.xib */,
				F1AA70D61E78ED650005185A /* FSScroller.swift */,
				F1AA70D81E78EF700005185A /* SynchroScrollView.swift */,
				F1BCCFBD1E5EE9A400C04DF0 /* Timeline */,
				F1AA70DA1E79149F0005185A /* DemoModel */,
				F1BCCFAC1E5EE86200C04DF0 /* AppDelegate.swift */,
				F1BCCFAE1E5EE86200C04DF0 /* Assets.xcassets */,
				F1BCCFB01E5EE86200C04DF0 /* MainMenu.xib */,
				F1BCCFB31E5EE86200C04DF0 /* Info.plist */,
			);
			path = testTimelineView;
			sourceTree = "<group>";
		};
		F1BCCFBD1E5EE9A400C04DF0 /* Timeline */ = {
			isa = PBXGroup;
			children = (
				F1D9E36F1E7BC9E800E63F98 /* FSTimelineBaseView.swift */,
				F1BCCFBE1E5EE9A400C04DF0 /* FSTimelineView.swift */,
				F1AD2FDB1E77904A00AE6F72 /* FSTimelineHeaderView.swift */,
				F1BCCFBF1E5EE9A400C04DF0 /* FSTrackView.swift */,
				F1AD2FDD1E77928F00AE6F72 /* FSTrackHeaderView.swift */,
				F1AD2FDF1E7798AA00AE6F72 /* FSTrackSplitterView.swift */,
				F1AE3C941E5FD08B00D75C21 /* FSClipView.swift */,
				F1AD2FE11E77BDB000AE6F72 /* FSPlayheadTrackView.swift */,
				F1AD2FE51E77E65D00AE6F72 /* FSTimelineNotification.swift */,
			);
			path = Timeline;
			sourceTree = "<group>";
		};
/* End PBXGroup section */

/* Begin PBXNativeTarget section */
		F1BCCFA81E5EE86200C04DF0 /* testTimelineView */ = {
			isa = PBXNativeTarget;
			buildConfigurationList = F1BCCFB61E5EE86200C04DF0 /* Build configuration list for PBXNativeTarget "testTimelineView" */;
			buildPhases = (
				F1BCCFA51E5EE86200C04DF0 /* Sources */,
				F1BCCFA61E5EE86200C04DF0 /* Frameworks */,
				F1BCCFA71E5EE86200C04DF0 /* Resources */,
			);
			buildRules = (
			);
			dependencies = (
			);
			name = testTimelineView;
			productName = testTimelineView;
			productReference = F1BCCFA91E5EE86200C04DF0 /* testTimelineView.app */;
			productType = "com.apple.product-type.application";
		};
/* End PBXNativeTarget section */

/* Begin PBXProject section */
		F1BCCFA11E5EE86200C04DF0 /* Project object */ = {
			isa = PBXProject;
			attributes = {
				LastSwiftUpdateCheck = 0800;
				LastUpgradeCheck = 0800;
				ORGANIZATIONNAME = Wondershare;
				TargetAttributes = {
					F1BCCFA81E5EE86200C04DF0 = {
						CreatedOnToolsVersion = 8.0;
						ProvisioningStyle = Automatic;
					};
				};
			};
			buildConfigurationList = F1BCCFA41E5EE86200C04DF0 /* Build configuration list for PBXProject "testTimelineView" */;
			compatibilityVersion = "Xcode 3.2";
			developmentRegion = English;
			hasScannedForEncodings = 0;
			knownRegions = (
				en,
				Base,
			);
			mainGroup = F1BCCFA01E5EE86200C04DF0;
			productRefGroup = F1BCCFAA1E5EE86200C04DF0 /* Products */;
			projectDirPath = "";
			projectRoot = "";
			targets = (
				F1BCCFA81E5EE86200C04DF0 /* testTimelineView */,
			);
		};
/* End PBXProject section */

/* Begin PBXResourcesBuildPhase section */
		F1BCCFA71E5EE86200C04DF0 /* Resources */ = {
			isa = PBXResourcesBuildPhase;
			buildActionMask = 2147483647;
			files = (
				F1BCCFAF1E5EE86200C04DF0 /* Assets.xcassets in Resources */,
				F1BCCFB21E5EE86200C04DF0 /* MainMenu.xib in Resources */,
				F1AA70CE1E78D2700005185A /* FSTimelineViewController.xib in Resources */,
			);
			runOnlyForDeploymentPostprocessing = 0;
		};
/* End PBXResourcesBuildPhase section */

/* Begin PBXSourcesBuildPhase section */
		F1BCCFA51E5EE86200C04DF0 /* Sources */ = {
			isa = PBXSourcesBuildPhase;
			buildActionMask = 2147483647;
			files = (
				F1BCCFC01E5EE9A400C04DF0 /* FSTimelineView.swift in Sources */,
				F1BCCFC11E5EE9A400C04DF0 /* FSTrackView.swift in Sources */,
				F1BCCFAD1E5EE86200C04DF0 /* AppDelegate.swift in Sources */,
				F1AD2FE01E7798AA00AE6F72 /* FSTrackSplitterView.swift in Sources */,
				F1AD2FE81E7810EE00AE6F72 /* FSTimelineViewController.swift in Sources */,
				F1AD2FDC1E77904A00AE6F72 /* FSTimelineHeaderView.swift in Sources */,
				F15250BA1E7A8B2F00CF0440 /* DemoTrack.swift in Sources */,
				F1AA70D91E78EF700005185A /* SynchroScrollView.swift in Sources */,
				F1AA70D71E78ED650005185A /* FSScroller.swift in Sources */,
				F1D9E3701E7BC9E800E63F98 /* FSTimelineBaseView.swift in Sources */,
				F1AD2FE61E77E65D00AE6F72 /* FSTimelineNotification.swift in Sources */,
				F15250BC1E7A8B5400CF0440 /* DemoTimeLineManager.swift in Sources */,
				F1AD2FE21E77BDB000AE6F72 /* FSPlayheadTrackView.swift in Sources */,
				F1AD2FDE1E77928F00AE6F72 /* FSTrackHeaderView.swift in Sources */,
				F1AE3C951E5FD08B00D75C21 /* FSClipView.swift in Sources */,
				F15250B81E7A8B1500CF0440 /* DemoClip.swift in Sources */,
			);
			runOnlyForDeploymentPostprocessing = 0;
		};
/* End PBXSourcesBuildPhase section */

/* Begin PBXVariantGroup section */
		F1BCCFB01E5EE86200C04DF0 /* MainMenu.xib */ = {
			isa = PBXVariantGroup;
			children = (
				F1BCCFB11E5EE86200C04DF0 /* Base */,
			);
			name = MainMenu.xib;
			sourceTree = "<group>";
		};
/* End PBXVariantGroup section */

/* Begin XCBuildConfiguration section */
		F1BCCFB41E5EE86200C04DF0 /* Debug */ = {
			isa = XCBuildConfiguration;
			buildSettings = {
				ALWAYS_SEARCH_USER_PATHS = NO;
				CLANG_ANALYZER_NONNULL = YES;
				CLANG_CXX_LANGUAGE_STANDARD = "gnu++0x";
				CLANG_CXX_LIBRARY = "libc++";
				CLANG_ENABLE_MODULES = YES;
				CLANG_ENABLE_OBJC_ARC = YES;
				CLANG_WARN_BOOL_CONVERSION = YES;
				CLANG_WARN_CONSTANT_CONVERSION = YES;
				CLANG_WARN_DIRECT_OBJC_ISA_USAGE = YES_ERROR;
				CLANG_WARN_DOCUMENTATION_COMMENTS = YES;
				CLANG_WARN_EMPTY_BODY = YES;
				CLANG_WARN_ENUM_CONVERSION = YES;
				CLANG_WARN_INFINITE_RECURSION = YES;
				CLANG_WARN_INT_CONVERSION = YES;
				CLANG_WARN_OBJC_ROOT_CLASS = YES_ERROR;
				CLANG_WARN_SUSPICIOUS_MOVES = YES;
				CLANG_WARN_UNREACHABLE_CODE = YES;
				CLANG_WARN__DUPLICATE_METHOD_MATCH = YES;
				CODE_SIGN_IDENTITY = "-";
				COPY_PHASE_STRIP = NO;
				DEBUG_INFORMATION_FORMAT = dwarf;
				ENABLE_STRICT_OBJC_MSGSEND = YES;
				ENABLE_TESTABILITY = YES;
				GCC_C_LANGUAGE_STANDARD = gnu99;
				GCC_DYNAMIC_NO_PIC = NO;
				GCC_NO_COMMON_BLOCKS = YES;
				GCC_OPTIMIZATION_LEVEL = 0;
				GCC_PREPROCESSOR_DEFINITIONS = (
					"DEBUG=1",
					"$(inherited)",
				);
				GCC_WARN_64_TO_32_BIT_CONVERSION = YES;
				GCC_WARN_ABOUT_RETURN_TYPE = YES_ERROR;
				GCC_WARN_UNDECLARED_SELECTOR = YES;
				GCC_WARN_UNINITIALIZED_AUTOS = YES_AGGRESSIVE;
				GCC_WARN_UNUSED_FUNCTION = YES;
				GCC_WARN_UNUSED_VARIABLE = YES;
				MACOSX_DEPLOYMENT_TARGET = 10.12;
				MTL_ENABLE_DEBUG_INFO = YES;
				ONLY_ACTIVE_ARCH = YES;
				SDKROOT = macosx;
				SWIFT_ACTIVE_COMPILATION_CONDITIONS = DEBUG;
				SWIFT_OPTIMIZATION_LEVEL = "-Onone";
			};
			name = Debug;
		};
		F1BCCFB51E5EE86200C04DF0 /* Release */ = {
			isa = XCBuildConfiguration;
			buildSettings = {
				ALWAYS_SEARCH_USER_PATHS = NO;
				CLANG_ANALYZER_NONNULL = YES;
				CLANG_CXX_LANGUAGE_STANDARD = "gnu++0x";
				CLANG_CXX_LIBRARY = "libc++";
				CLANG_ENABLE_MODULES = YES;
				CLANG_ENABLE_OBJC_ARC = YES;
				CLANG_WARN_BOOL_CONVERSION = YES;
				CLANG_WARN_CONSTANT_CONVERSION = YES;
				CLANG_WARN_DIRECT_OBJC_ISA_USAGE = YES_ERROR;
				CLANG_WARN_DOCUMENTATION_COMMENTS = YES;
				CLANG_WARN_EMPTY_BODY = YES;
				CLANG_WARN_ENUM_CONVERSION = YES;
				CLANG_WARN_INFINITE_RECURSION = YES;
				CLANG_WARN_INT_CONVERSION = YES;
				CLANG_WARN_OBJC_ROOT_CLASS = YES_ERROR;
				CLANG_WARN_SUSPICIOUS_MOVES = YES;
				CLANG_WARN_UNREACHABLE_CODE = YES;
				CLANG_WARN__DUPLICATE_METHOD_MATCH = YES;
				CODE_SIGN_IDENTITY = "-";
				COPY_PHASE_STRIP = NO;
				DEBUG_INFORMATION_FORMAT = "dwarf-with-dsym";
				ENABLE_NS_ASSERTIONS = NO;
				ENABLE_STRICT_OBJC_MSGSEND = YES;
				GCC_C_LANGUAGE_STANDARD = gnu99;
				GCC_NO_COMMON_BLOCKS = YES;
				GCC_WARN_64_TO_32_BIT_CONVERSION = YES;
				GCC_WARN_ABOUT_RETURN_TYPE = YES_ERROR;
				GCC_WARN_UNDECLARED_SELECTOR = YES;
				GCC_WARN_UNINITIALIZED_AUTOS = YES_AGGRESSIVE;
				GCC_WARN_UNUSED_FUNCTION = YES;
				GCC_WARN_UNUSED_VARIABLE = YES;
				MACOSX_DEPLOYMENT_TARGET = 10.12;
				MTL_ENABLE_DEBUG_INFO = NO;
				SDKROOT = macosx;
				SWIFT_OPTIMIZATION_LEVEL = "-Owholemodule";
			};
			name = Release;
		};
		F1BCCFB71E5EE86200C04DF0 /* Debug */ = {
			isa = XCBuildConfiguration;
			buildSettings = {
				ASSETCATALOG_COMPILER_APPICON_NAME = AppIcon;
				COMBINE_HIDPI_IMAGES = YES;
				INFOPLIST_FILE = testTimelineView/Info.plist;
				LD_RUNPATH_SEARCH_PATHS = "$(inherited) @executable_path/../Frameworks";
				PRODUCT_BUNDLE_IDENTIFIER = com.fancymax.test.testTimelineView;
				PRODUCT_NAME = "$(TARGET_NAME)";
				SWIFT_VERSION = 3.0;
			};
			name = Debug;
		};
		F1BCCFB81E5EE86200C04DF0 /* Release */ = {
			isa = XCBuildConfiguration;
			buildSettings = {
				ASSETCATALOG_COMPILER_APPICON_NAME = AppIcon;
				COMBINE_HIDPI_IMAGES = YES;
				INFOPLIST_FILE = testTimelineView/Info.plist;
				LD_RUNPATH_SEARCH_PATHS = "$(inherited) @executable_path/../Frameworks";
				PRODUCT_BUNDLE_IDENTIFIER = com.fancymax.test.testTimelineView;
				PRODUCT_NAME = "$(TARGET_NAME)";
				SWIFT_VERSION = 3.0;
			};
			name = Release;
		};
/* End XCBuildConfiguration section */

/* Begin XCConfigurationList section */
		F1BCCFA41E5EE86200C04DF0 /* Build configuration list for PBXProject "testTimelineView" */ = {
			isa = XCConfigurationList;
			buildConfigurations = (
				F1BCCFB41E5EE86200C04DF0 /* Debug */,
				F1BCCFB51E5EE86200C04DF0 /* Release */,
			);
			defaultConfigurationIsVisible = 0;
			defaultConfigurationName = Release;
		};
		F1BCCFB61E5EE86200C04DF0 /* Build configuration list for PBXNativeTarget "testTimelineView" */ = {
			isa = XCConfigurationList;
			buildConfigurations = (
				F1BCCFB71E5EE86200C04DF0 /* Debug */,
				F1BCCFB81E5EE86200C04DF0 /* Release */,
			);
			defaultConfigurationIsVisible = 0;
			defaultConfigurationName = Release;
		};
/* End XCConfigurationList section */
	};
	rootObject = F1BCCFA11E5EE86200C04DF0 /* Project object */;
}
